Microsoft Visual Studio Solution File, Format Version 12.00
# Visual Studio Version 17
VisualStudioVersion = 17.5.2.0
MinimumVisualStudioVersion = 10.0.40219.1
Project("{FAE04EC0-301F-11D3-BF4B-00C04F79EFBC}") = "kdsync-net", "src\kdsync-net\kdsync-net.csproj", "{745ED29E-E9BB-511A-F619-EF66FF9D4FF4}"
EndProject
Global
	GlobalSection(SolutionConfigurationPlatforms) = preSolution
		Debug|Any CPU = Debug|Any CPU
		Release|Any CPU = Release|Any CPU
	EndGlobalSection
	GlobalSection(ProjectConfigurationPlatforms) = postSolution
		{745ED29E-E9BB-511A-F619-EF66FF9D4FF4}.Debug|Any CPU.ActiveCfg = Debug|Any CPU
		{745ED29E-E9BB-511A-F619-EF66FF9D4FF4}.Debug|Any CPU.Build.0 = Debug|Any CPU
		{745ED29E-E9BB-511A-F619-EF66FF9D4FF4}.Release|Any CPU.ActiveCfg = Release|Any CPU
		{745ED29E-E9BB-511A-F619-EF66FF9D4FF4}.Release|Any CPU.Build.0 = Release|Any CPU
	EndGlobalSection
	GlobalSection(SolutionProperties) = preSolution
		HideSolutionNode = FALSE
	EndGlobalSection
	GlobalSection(ExtensibilityGlobals) = postSolution
		SolutionGuid = {0B1B9BD6-04FC-493D-8C79-FBBF481092A8}
	EndGlobalSection
EndGlobal
